<?xml version="1.0" encoding="utf-8"?>
<Project ToolsVersion="4.0" xmlns="http://schemas.microsoft.com/developer/msbuild/2003">
  <ItemGroup>
    <Filter Include="Source Files">
      <UniqueIdentifier>{fe1db21c-e8d3-4c95-97cb-aaddd25919a8}</UniqueIdentifier>
      <Extensions>cpp;c;cxx;rc;def;r;odl;idl;hpj;bat</Extensions>
    </Filter>
    <Filter Include="Library Files">
      <UniqueIdentifier>{949d9f40-aac3-46a9-a93b-623aeec3864f}</UniqueIdentifier>
      <Extensions>lib</Extensions>
    </Filter>
    <Filter Include="Header Files">
      <UniqueIdentifier>{04b32e29-9a16-40d6-aec4-65bad159d0ef}</UniqueIdentifier>
      <Extensions>h;hpp;hxx;hm;inl</Extensions>
    </Filter>
    <Filter Include="Resource Files">
      <UniqueIdentifier>{4ee52e28-d5ea-4272-8213-db91df15f8b8}</UniqueIdentifier>
      <Extensions>ico;cur;bmp;dlg;rc2;rct;bin;rgs;gif;jpg;jpeg;jpe</Extensions>
    </Filter>
  </ItemGroup>
  <ItemGroup>
    <ClCompile Include="dllMain.cpp">
      <Filter>Source Files</Filter>
    </ClCompile>
    <ClCompile Include="logThreadClass.cpp">
      <Filter>Source Files</Filter>
    </ClCompile>
    <ClCompile Include="mainClass.cpp">
      <Filter>Source Files</Filter>
    </ClCompile>
    <ClCompile Include="mfdException.cpp">
      <Filter>Source Files</Filter>
    </ClCompile>
    <ClCompile Include="pluginConfigClass.cpp">
      <Filter>Source Files</Filter>
    </ClCompile>
    <ClCompile Include="saitekX52ProClass.cpp">
      <Filter>Source Files</Filter>
    </ClCompile>
    <ClCompile Include="Transponder.cpp">
      <Filter>Source Files</Filter>
    </ClCompile>
    <ClCompile Include="Navs.cpp">
      <Filter>Source Files</Filter>
    </ClCompile>
    <ClCompile Include="TimeManagement.cpp">
      <Filter>Source Files</Filter>
    </ClCompile>
    <ClCompile Include="AutoPilot.cpp">
      <Filter>Source Files</Filter>
    </ClCompile>
  </ItemGroup>
  <ItemGroup>
    <ClInclude Include="dllMain.hpp">
      <Filter>Header Files</Filter>
    </ClInclude>
    <ClInclude Include="logThreadClass.hpp">
      <Filter>Header Files</Filter>
    </ClInclude>
    <ClInclude Include="mainClass.hpp">
      <Filter>Header Files</Filter>
    </ClInclude>
    <ClInclude Include="mfdException.hpp">
      <Filter>Header Files</Filter>
    </ClInclude>
    <ClInclude Include="pluginConfigClass.hpp">
      <Filter>Header Files</Filter>
    </ClInclude>
    <ClInclude Include="projectCommon.h">
      <Filter>Header Files</Filter>
    </ClInclude>
    <ClInclude Include="projectTypedefs.hpp">
      <Filter>Header Files</Filter>
    </ClInclude>
    <ClInclude Include="saitekX52ProClass.hpp">
      <Filter>Header Files</Filter>
    </ClInclude>
    <ClInclude Include="Transponder.hpp">
      <Filter>Header Files</Filter>
    </ClInclude>
    <ClInclude Include="Navs.hpp">
      <Filter>Header Files</Filter>
    </ClInclude>
    <ClInclude Include="DataManagement.hpp">
      <Filter>Header Files</Filter>
    </ClInclude>
    <ClInclude Include="TimeManagement.hpp">
      <Filter>Header Files</Filter>
    </ClInclude>
    <ClInclude Include="AutoPilot.hpp">
      <Filter>Header Files</Filter>
    </ClInclude>
  </ItemGroup>
  <ItemGroup>
    <Library Include="..\..\..\XPSDK201\SDK\Libraries\Win\XPLM.lib">
      <Filter>Library Files</Filter>
    </Library>
    <Library Include="..\..\..\XPSDK201\SDK\Libraries\Win\XPWidgets.lib">
      <Filter>Library Files</Filter>
    </Library>
  </ItemGroup>
</Project>